
Microsoft Visual Studio Solution File, Format Version 12.00
# Visual Studio Version 16
VisualStudioVersion = 16.0.31313.79
MinimumVisualStudioVersion = 10.0.40219.1
Project("{FAE04EC0-301F-11D3-BF4B-00C04F79EFBC}") = "ArrayDemo", "ArrayDemo\ArrayDemo.csproj", "{0553080E-BEC2-4E6A-9BB0-0AA31994E6F7}"
EndProject
Global
	GlobalSection(SolutionConfigurationPlatforms) = preSolution
		Debug|Any CPU = Debug|Any CPU
		Release|Any CPU = Release|Any CPU
	EndGlobalSection
	GlobalSection(ProjectConfigurationPlatforms) = postSolution
		{0553080E-BEC2-4E6A-9BB0-0AA31994E6F7}.Debug|Any CPU.ActiveCfg = Debug|Any CPU
		{0553080E-BEC2-4E6A-9BB0-0AA31994E6F7}.Debug|Any CPU.Build.0 = Debug|Any CPU
		{0553080E-BEC2-4E6A-9BB0-0AA31994E6F7}.Release|Any CPU.ActiveCfg = Release|Any CPU
		{0553080E-BEC2-4E6A-9BB0-0AA31994E6F7}.Release|Any CPU.Build.0 = Release|Any CPU
	EndGlobalSection
	GlobalSection(SolutionProperties) = preSolution
		HideSolutionNode = FALSE
	EndGlobalSection
	GlobalSection(ExtensibilityGlobals) = postSolution
		SolutionGuid = {68AD468B-22B1-421C-A167-24E63877D9D8}
	EndGlobalSection
EndGlobal
